{
  "name": "byr-wx",
  "version": "1.0.0",
  "lockfileVersion": 1,
  "requires": true,
  "dependencies": {
    "@miniprogram-component-plus/emoji": {
      "version": "1.0.1",
      "resolved": "https://registry.npmjs.org/@miniprogram-component-plus/emoji/-/emoji-1.0.1.tgz",
      "integrity": "sha512-HOlW9YCEfUL/vriChKnHpXuoWrEIDjg/aF3CtMCNmIYHAtE8wGIZJ/ORlQEnG/oUunkOl20+mla+BYy1QUfeQw=="
    },
    "crypto-js": {
      "version": "4.0.0",
      "resolved": "https://registry.npmjs.org/crypto-js/-/crypto-js-4.0.0.tgz",
      "integrity": "sha512-bzHZN8Pn+gS7DQA6n+iUmBfl0hO5DJq++QP3U6uTucDtk/0iGpXd/Gg7CGR0p8tJhofJyaKoWBuJI4eAO00BBg=="
    },
    "mp-html": {
      "version": "2.1.0",
      "resolved": "https://registry.npmjs.org/mp-html/-/mp-html-2.1.0.tgz",
      "integrity": "sha512-zI1mS3l98SjDTJRsuCT3g3KSMxY6F3U314ZKsAAP56YhvuTx47aYpihxF2c1/imWH/iLUvN7UrXprVBX5KsedA=="
    }
  }
}
